
Microsoft Visual Studio Solution File, Format Version 12.00
# Visual Studio Version 16
VisualStudioVersion = 16.0.31624.102
MinimumVisualStudioVersion = 10.0.40219.1
Project("{FAE04EC0-301F-11D3-BF4B-00C04F79EFBC}") = "TridentFramework.RPC", "TridentFramework.RPC.csproj", "{1C415834-785A-491A-87F8-C715EA01E199}"
EndProject
Global
	GlobalSection(SolutionConfigurationPlatforms) = preSolution
		Debug|Any CPU = Debug|Any CPU
		Debug|x64 = Debug|x64
		Release|Any CPU = Release|Any CPU
		Release|x64 = Release|x64
	EndGlobalSection
	GlobalSection(ProjectConfigurationPlatforms) = postSolution
		{1C415834-785A-491A-87F8-C715EA01E199}.Debug|Any CPU.ActiveCfg = Debug|Any CPU
		{1C415834-785A-491A-87F8-C715EA01E199}.Debug|Any CPU.Build.0 = Debug|Any CPU
		{1C415834-785A-491A-87F8-C715EA01E199}.Debug|x64.ActiveCfg = Debug|x64
		{1C415834-785A-491A-87F8-C715EA01E199}.Debug|x64.Build.0 = Debug|x64
		{1C415834-785A-491A-87F8-C715EA01E199}.Release|Any CPU.ActiveCfg = Release|Any CPU
		{1C415834-785A-491A-87F8-C715EA01E199}.Release|Any CPU.Build.0 = Release|Any CPU
		{1C415834-785A-491A-87F8-C715EA01E199}.Release|x64.ActiveCfg = Release|x64
		{1C415834-785A-491A-87F8-C715EA01E199}.Release|x64.Build.0 = Release|x64
	EndGlobalSection
	GlobalSection(SolutionProperties) = preSolution
		HideSolutionNode = FALSE
	EndGlobalSection
	GlobalSection(ExtensibilityGlobals) = postSolution
		SolutionGuid = {0A099132-6810-4A2A-B2F3-E81A0A2C85E6}
	EndGlobalSection
EndGlobal
